
Microsoft Visual Studio Solution File, Format Version 12.00
# Visual Studio Version 17
VisualStudioVersion = 17.9.34728.123
MinimumVisualStudioVersion = 10.0.40219.1
Project("{FAE04EC0-301F-11D3-BF4B-00C04F79EFBC}") = "PianoSyllabusScraper", "PianoSyllabusScraper.csproj", "{ACF604A1-CE5E-459B-B40E-6CC7BFA83FC0}"
EndProject
Global
	GlobalSection(SolutionConfigurationPlatforms) = preSolution
		Debug|Any CPU = Debug|Any CPU
		Release|Any CPU = Release|Any CPU
	EndGlobalSection
	GlobalSection(ProjectConfigurationPlatforms) = postSolution
		{ACF604A1-CE5E-459B-B40E-6CC7BFA83FC0}.Debug|Any CPU.ActiveCfg = Debug|Any CPU
		{ACF604A1-CE5E-459B-B40E-6CC7BFA83FC0}.Debug|Any CPU.Build.0 = Debug|Any CPU
		{ACF604A1-CE5E-459B-B40E-6CC7BFA83FC0}.Release|Any CPU.ActiveCfg = Release|Any CPU
		{ACF604A1-CE5E-459B-B40E-6CC7BFA83FC0}.Release|Any CPU.Build.0 = Release|Any CPU
	EndGlobalSection
	GlobalSection(SolutionProperties) = preSolution
		HideSolutionNode = FALSE
	EndGlobalSection
	GlobalSection(ExtensibilityGlobals) = postSolution
		SolutionGuid = {4C7DDCBF-8D4D-48E4-B8E0-CFF3F96ACC55}
	EndGlobalSection
EndGlobal
